
Microsoft Visual Studio Solution File, Format Version 12.00
# Visual Studio Version 16
VisualStudioVersion = 16.0.28822.285
MinimumVisualStudioVersion = 10.0.40219.1
Project("{9A19103F-16F7-4668-BE54-9A1E7A4F7556}") = "CarRentalDDD.API", "CarRentalDDD.API\CarRentalDDD.API.csproj", "{2150CAB0-BFB9-42F9-8596-66AA384168F0}"
EndProject
Project("{9A19103F-16F7-4668-BE54-9A1E7A4F7556}") = "CarRentalDDD.Domain", "CarRentalDDD.Domain\CarRentalDDD.Domain.csproj", "{274F459F-4FA9-41B6-9549-5120966BA616}"
EndProject
Project("{9A19103F-16F7-4668-BE54-9A1E7A4F7556}") = "CarRentalDDD.Infra", "CarRentalDDD.Infra\CarRentalDDD.Infra.csproj", "{26682770-07CD-45C2-BE42-39ADD947DD45}"
EndProject
Project("{2150E333-8FDC-42A3-9474-1A3956D46DE8}") = "CarRentalDDD.Tests", "CarRentalDDD.Tests", "{E81595DC-F71E-4AD0-906B-45B877677982}"
EndProject
Project("{9A19103F-16F7-4668-BE54-9A1E7A4F7556}") = "CarRentalDDD.Domain.Tests", "CarRentalDDD.Tests\CarRentalDDD.Domain.Tests\CarRentalDDD.Domain.Tests.csproj", "{DD353F70-9BB6-49AC-A20B-9832ABF49689}"
EndProject
Project("{9A19103F-16F7-4668-BE54-9A1E7A4F7556}") = "CarRentalDDD.Infra.Tests", "CarRentalDDD.Tests\CarRentalDDD.Infra.Tests\CarRentalDDD.Infra.Tests.csproj", "{3D2DCFFE-8592-4CD7-86E6-69FF3245BA77}"
EndProject
Project("{FAE04EC0-301F-11D3-BF4B-00C04F79EFBC}") = "CarRentalDDD.API.Tests", "CarRentalDDD.Tests\CarRentalDDD.API.Tests\CarRentalDDD.API.Tests.csproj", "{9DFE3A8C-34D7-47EE-997B-A47692AFDDF9}"
EndProject
Global
	GlobalSection(SolutionConfigurationPlatforms) = preSolution
		Debug|Any CPU = Debug|Any CPU
		Release|Any CPU = Release|Any CPU
	EndGlobalSection
	GlobalSection(ProjectConfigurationPlatforms) = postSolution
		{2150CAB0-BFB9-42F9-8596-66AA384168F0}.Debug|Any CPU.ActiveCfg = Debug|Any CPU
		{2150CAB0-BFB9-42F9-8596-66AA384168F0}.Debug|Any CPU.Build.0 = Debug|Any CPU
		{2150CAB0-BFB9-42F9-8596-66AA384168F0}.Release|Any CPU.ActiveCfg = Release|Any CPU
		{2150CAB0-BFB9-42F9-8596-66AA384168F0}.Release|Any CPU.Build.0 = Release|Any CPU
		{274F459F-4FA9-41B6-9549-5120966BA616}.Debug|Any CPU.ActiveCfg = Debug|Any CPU
		{274F459F-4FA9-41B6-9549-5120966BA616}.Debug|Any CPU.Build.0 = Debug|Any CPU
		{274F459F-4FA9-41B6-9549-5120966BA616}.Release|Any CPU.ActiveCfg = Release|Any CPU
		{274F459F-4FA9-41B6-9549-5120966BA616}.Release|Any CPU.Build.0 = Release|Any CPU
		{26682770-07CD-45C2-BE42-39ADD947DD45}.Debug|Any CPU.ActiveCfg = Debug|Any CPU
		{26682770-07CD-45C2-BE42-39ADD947DD45}.Debug|Any CPU.Build.0 = Debug|Any CPU
		{26682770-07CD-45C2-BE42-39ADD947DD45}.Release|Any CPU.ActiveCfg = Release|Any CPU
		{26682770-07CD-45C2-BE42-39ADD947DD45}.Release|Any CPU.Build.0 = Release|Any CPU
		{DD353F70-9BB6-49AC-A20B-9832ABF49689}.Debug|Any CPU.ActiveCfg = Debug|Any CPU
		{DD353F70-9BB6-49AC-A20B-9832ABF49689}.Debug|Any CPU.Build.0 = Debug|Any CPU
		{DD353F70-9BB6-49AC-A20B-9832ABF49689}.Release|Any CPU.ActiveCfg = Release|Any CPU
		{DD353F70-9BB6-49AC-A20B-9832ABF49689}.Release|Any CPU.Build.0 = Release|Any CPU
		{3D2DCFFE-8592-4CD7-86E6-69FF3245BA77}.Debug|Any CPU.ActiveCfg = Debug|Any CPU
		{3D2DCFFE-8592-4CD7-86E6-69FF3245BA77}.Debug|Any CPU.Build.0 = Debug|Any CPU
		{3D2DCFFE-8592-4CD7-86E6-69FF3245BA77}.Release|Any CPU.ActiveCfg = Release|Any CPU
		{3D2DCFFE-8592-4CD7-86E6-69FF3245BA77}.Release|Any CPU.Build.0 = Release|Any CPU
		{9DFE3A8C-34D7-47EE-997B-A47692AFDDF9}.Debug|Any CPU.ActiveCfg = Debug|Any CPU
		{9DFE3A8C-34D7-47EE-997B-A47692AFDDF9}.Debug|Any CPU.Build.0 = Debug|Any CPU
		{9DFE3A8C-34D7-47EE-997B-A47692AFDDF9}.Release|Any CPU.ActiveCfg = Release|Any CPU
		{9DFE3A8C-34D7-47EE-997B-A47692AFDDF9}.Release|Any CPU.Build.0 = Release|Any CPU
	EndGlobalSection
	GlobalSection(SolutionProperties) = preSolution
		HideSolutionNode = FALSE
	EndGlobalSection
	GlobalSection(NestedProjects) = preSolution
		{DD353F70-9BB6-49AC-A20B-9832ABF49689} = {E81595DC-F71E-4AD0-906B-45B877677982}
		{3D2DCFFE-8592-4CD7-86E6-69FF3245BA77} = {E81595DC-F71E-4AD0-906B-45B877677982}
		{9DFE3A8C-34D7-47EE-997B-A47692AFDDF9} = {E81595DC-F71E-4AD0-906B-45B877677982}
	EndGlobalSection
	GlobalSection(ExtensibilityGlobals) = postSolution
		SolutionGuid = {C9861451-CBA5-414B-B584-2D1824F32CCA}
	EndGlobalSection
EndGlobal
